speakeasyVersion: 1.540.0
sources:
    OpenAPI Plant Store:
        sourceNamespace: open-api-plant-store
        sourceRevisionDigest: sha256:3444caf8025de93771780f37d62a4902d55ef7e8db12e1e82eb8012460ac87e2
        sourceBlobDigest: sha256:bdca0ff96009fa5818f4c7b5fdb2cc1555c644a565024a18a12cee0b2df25f1d
        tags:
            - latest
            - 1.0.0
targets:
    pay:
        source: OpenAPI Plant Store
        sourceNamespace: open-api-plant-store
        sourceRevisionDigest: sha256:3444caf8025de93771780f37d62a4902d55ef7e8db12e1e82eb8012460ac87e2
        sourceBlobDigest: sha256:bdca0ff96009fa5818f4c7b5fdb2cc1555c644a565024a18a12cee0b2df25f1d
        codeSamplesNamespace: open-api-plant-store-typescript-code-samples
        codeSamplesRevisionDigest: sha256:da3b57abee4e80e56f24f473cc844f840a182028e63a66c9199ee176e3e7110c
workflow:
    workflowVersion: 1.0.0
    speakeasyVersion: latest
    sources:
        OpenAPI Plant Store:
            inputs:
                - location: https://raw.githubusercontent.com/nkwa/pay-postman/refs/heads/main/openapi.json
            overlays:
                - location: .speakeasy/speakeasy-modifications-overlay.yaml
            registry:
                location: registry.speakeasyapi.dev/nkwa/pay/open-api-plant-store
    targets:
        pay:
            target: typescript
            source: OpenAPI Plant Store
            publish:
                npm:
                    token: $npm_token
            codeSamples:
                registry:
                    location: registry.speakeasyapi.dev/nkwa/pay/open-api-plant-store-typescript-code-samples
                labelOverride:
                    fixedValue: Typescript (SDK)
                blocking: false
