speakeasyVersion: 1.542.1
sources:
    OpenAPI Plant Store:
        sourceNamespace: open-api-plant-store
        sourceRevisionDigest: sha256:103f521ae673f928d50ed247f772cb514f9edff05be8aaeec587b1eff35835e0
        sourceBlobDigest: sha256:d704624650053e3d65c4d67f73e5e4086b33342b957f45c694d46099ceea602b
        tags:
            - latest
            - speakeasy-sdk-regen-1746423433
            - 1.0.0
targets:
    pay:
        source: OpenAPI Plant Store
        sourceNamespace: open-api-plant-store
        sourceRevisionDigest: sha256:103f521ae673f928d50ed247f772cb514f9edff05be8aaeec587b1eff35835e0
        sourceBlobDigest: sha256:d704624650053e3d65c4d67f73e5e4086b33342b957f45c694d46099ceea602b
        codeSamplesNamespace: open-api-plant-store-typescript-code-samples
        codeSamplesRevisionDigest: sha256:e47bde241993f8889a1a6bf49837d40ebe14a7870da58ac6ceb4a13a58627060
workflow:
    workflowVersion: 1.0.0
    speakeasyVersion: latest
    sources:
        OpenAPI Plant Store:
            inputs:
                - location: https://raw.githubusercontent.com/nkwa/pay-postman/refs/heads/main/openapi.json
            overlays:
                - location: .speakeasy/speakeasy-modifications-overlay.yaml
            registry:
                location: registry.speakeasyapi.dev/nkwa/pay/open-api-plant-store
    targets:
        pay:
            target: typescript
            source: OpenAPI Plant Store
            publish:
                npm:
                    token: $npm_token
            codeSamples:
                registry:
                    location: registry.speakeasyapi.dev/nkwa/pay/open-api-plant-store-typescript-code-samples
                labelOverride:
                    fixedValue: Typescript (SDK)
                blocking: false
